PODS:
  - SwiftGen (6.0.2)
  - SwiftLint (0.28.2)

DEPENDENCIES:
  - SwiftGen
  - SwiftLint

SPEC REPOS:
  https://github.com/cocoapods/specs.git:
    - SwiftGen
    - SwiftLint

SPEC CHECKSUMS:
  SwiftGen: e5b047067aa84082826a0c4f1c4c2ddc95bcf74c
  SwiftLint: f1629ae733b64e9cad20052de01d1debd5b640e7

PODFILE CHECKSUM: 6540a601e069be2f22bb2e8111049495cc33aeb8

COCOAPODS: 1.5.2
