// !$*UTF8*$!
{
	archiveVersion = 1;
	classes = {
	};
	objectVersion = 50;
	objects = {

/* Begin PBXBuildFile section */
		761D1EBF21925083004ABC78 /* AppDelegate.swift in Sources */ = {isa = PBXBuildFile; fileRef = 761D1EBE21925083004ABC78 /* AppDelegate.swift */; };
		761D1EC121925083004ABC78 /* MoviesListTableController.swift in Sources */ = {isa = PBXBuildFile; fileRef = 761D1EC021925083004ABC78 /* MoviesListTableController.swift */; };
		761D1EC421925083004ABC78 /* Main.storyboard in Resources */ = {isa = PBXBuildFile; fileRef = 761D1EC221925083004ABC78 /* Main.storyboard */; };
		761D1EC621925085004ABC78 /* Assets.xcassets in Resources */ = {isa = PBXBuildFile; fileRef = 761D1EC521925085004ABC78 /* Assets.xcassets */; };
		761D1EC921925085004ABC78 /* LaunchScreen.storyboard in Resources */ = {isa = PBXBuildFile; fileRef = 761D1EC721925085004ABC78 /* LaunchScreen.storyboard */; };
		761D1ED521925404004ABC78 /* CustomImageView.swift in Sources */ = {isa = PBXBuildFile; fileRef = 761D1ED421925404004ABC78 /* CustomImageView.swift */; };
		761D1ED8219259C7004ABC78 /* MovieModel.swift in Sources */ = {isa = PBXBuildFile; fileRef = 761D1ED7219259C7004ABC78 /* MovieModel.swift */; };
		761D1EDA21925AA5004ABC78 /* MovieTableViewCell.swift in Sources */ = {isa = PBXBuildFile; fileRef = 761D1ED921925AA5004ABC78 /* MovieTableViewCell.swift */; };
		761D1EDC21925F88004ABC78 /* Movies.json in Resources */ = {isa = PBXBuildFile; fileRef = 761D1EDB21925F88004ABC78 /* Movies.json */; };
		764D98F6219F5AED00476EDB /* Movies.xcdatamodeld in Sources */ = {isa = PBXBuildFile; fileRef = 764D98F4219F5AED00476EDB /* Movies.xcdatamodeld */; };
		764D98F8219F5B9400476EDB /* UIViewController+CoreData.swift in Sources */ = {isa = PBXBuildFile; fileRef = 764D98F7219F5B9400476EDB /* UIViewController+CoreData.swift */; };
		764D98FA219F63BA00476EDB /* Movie+Rating.swift in Sources */ = {isa = PBXBuildFile; fileRef = 764D98F9219F63BA00476EDB /* Movie+Rating.swift */; };
		764D98FC219F8BC800476EDB /* GenresTableViewController.swift in Sources */ = {isa = PBXBuildFile; fileRef = 764D98FB219F8BC800476EDB /* GenresTableViewController.swift */; };
		7670717221950270000B1DFA /* MovieDetailViewController.swift in Sources */ = {isa = PBXBuildFile; fileRef = 7670717121950270000B1DFA /* MovieDetailViewController.swift */; };
		76707174219527FE000B1DFA /* RegisterMovieViewController.swift in Sources */ = {isa = PBXBuildFile; fileRef = 76707173219527FE000B1DFA /* RegisterMovieViewController.swift */; };
/* End PBXBuildFile section */

/* Begin PBXFileReference section */
		761D1EBB21925083004ABC78 /* Movies.app */ = {isa = PBXFileReference; explicitFileType = wrapper.application; includeInIndex = 0; path = Movies.app; sourceTree = BUILT_PRODUCTS_DIR; };
		761D1EBE21925083004ABC78 /* AppDelegate.swift */ = {isa = PBXFileReference; lastKnownFileType = sourcecode.swift; path = AppDelegate.swift; sourceTree = "<group>"; };
		761D1EC021925083004ABC78 /* MoviesListTableController.swift */ = {isa = PBXFileReference; lastKnownFileType = sourcecode.swift; path = MoviesListTableController.swift; sourceTree = "<group>"; };
		761D1EC321925083004ABC78 /* Base */ = {isa = PBXFileReference; lastKnownFileType = file.storyboard; name = Base; path = Base.lproj/Main.storyboard; sourceTree = "<group>"; };
		761D1EC521925085004ABC78 /* Assets.xcassets */ = {isa = PBXFileReference; lastKnownFileType = folder.assetcatalog; path = Assets.xcassets; sourceTree = "<group>"; };
		761D1EC821925085004ABC78 /* Base */ = {isa = PBXFileReference; lastKnownFileType = file.storyboard; name = Base; path = Base.lproj/LaunchScreen.storyboard; sourceTree = "<group>"; };
		761D1ECA21925085004ABC78 /* Info.plist */ = {isa = PBXFileReference; lastKnownFileType = text.plist.xml; path = Info.plist; sourceTree = "<group>"; };
		761D1ED421925404004ABC78 /* CustomImageView.swift */ = {isa = PBXFileReference; lastKnownFileType = sourcecode.swift; path = CustomImageView.swift; sourceTree = "<group>"; };
		761D1ED7219259C7004ABC78 /* MovieModel.swift */ = {isa = PBXFileReference; lastKnownFileType = sourcecode.swift; path = MovieModel.swift; sourceTree = "<group>"; };
		761D1ED921925AA5004ABC78 /* MovieTableViewCell.swift */ = {isa = PBXFileReference; lastKnownFileType = sourcecode.swift; path = MovieTableViewCell.swift; sourceTree = "<group>"; };
		761D1EDB21925F88004ABC78 /* Movies.json */ = {isa = PBXFileReference; fileEncoding = 4; lastKnownFileType = text.json; path = Movies.json; sourceTree = "<group>"; };
		764D98F5219F5AED00476EDB /* Movies.xcdatamodel */ = {isa = PBXFileReference; lastKnownFileType = wrapper.xcdatamodel; path = Movies.xcdatamodel; sourceTree = "<group>"; };
		764D98F7219F5B9400476EDB /* UIViewController+CoreData.swift */ = {isa = PBXFileReference; lastKnownFileType = sourcecode.swift; path = "UIViewController+CoreData.swift"; sourceTree = "<group>"; };
		764D98F9219F63BA00476EDB /* Movie+Rating.swift */ = {isa = PBXFileReference; lastKnownFileType = sourcecode.swift; path = "Movie+Rating.swift"; sourceTree = "<group>"; };
		764D98FB219F8BC800476EDB /* GenresTableViewController.swift */ = {isa = PBXFileReference; lastKnownFileType = sourcecode.swift; path = GenresTableViewController.swift; sourceTree = "<group>"; };
		7670717121950270000B1DFA /* MovieDetailViewController.swift */ = {isa = PBXFileReference; lastKnownFileType = sourcecode.swift; path = MovieDetailViewController.swift; sourceTree = "<group>"; };
		76707173219527FE000B1DFA /* RegisterMovieViewController.swift */ = {isa = PBXFileReference; lastKnownFileType = sourcecode.swift; path = RegisterMovieViewController.swift; sourceTree = "<group>"; };
/* End PBXFileReference section */

/* Begin PBXFrameworksBuildPhase section */
		761D1EB821925083004ABC78 /* Frameworks */ = {
			isa = PBXFrameworksBuildPhase;
			buildActionMask = 2147483647;
			files = (
			);
			runOnlyForDeploymentPostprocessing = 0;
		};
/* End PBXFrameworksBuildPhase section */

/* Begin PBXGroup section */
		761D1EB221925083004ABC78 = {
			isa = PBXGroup;
			children = (
				761D1EBD21925083004ABC78 /* Movies */,
				761D1EBC21925083004ABC78 /* Products */,
			);
			sourceTree = "<group>";
		};
		761D1EBC21925083004ABC78 /* Products */ = {
			isa = PBXGroup;
			children = (
				761D1EBB21925083004ABC78 /* Movies.app */,
			);
			name = Products;
			sourceTree = "<group>";
		};
		761D1EBD21925083004ABC78 /* Movies */ = {
			isa = PBXGroup;
			children = (
				76C7D39721A9AA0E006DF32E /* Support Files */,
				764D98F7219F5B9400476EDB /* UIViewController+CoreData.swift */,
				764D98F9219F63BA00476EDB /* Movie+Rating.swift */,
				761D1ED12192528A004ABC78 /* Views */,
				761D1ED021925277004ABC78 /* Controllers */,
				761D1ED6219259AE004ABC78 /* Models */,
			);
			path = Movies;
			sourceTree = "<group>";
		};
		761D1ED021925277004ABC78 /* Controllers */ = {
			isa = PBXGroup;
			children = (
				761D1EC021925083004ABC78 /* MoviesListTableController.swift */,
				7670717121950270000B1DFA /* MovieDetailViewController.swift */,
				76707173219527FE000B1DFA /* RegisterMovieViewController.swift */,
				764D98FB219F8BC800476EDB /* GenresTableViewController.swift */,
			);
			path = Controllers;
			sourceTree = "<group>";
		};
		761D1ED12192528A004ABC78 /* Views */ = {
			isa = PBXGroup;
			children = (
				761D1EC221925083004ABC78 /* Main.storyboard */,
				761D1ED421925404004ABC78 /* CustomImageView.swift */,
				761D1ED921925AA5004ABC78 /* MovieTableViewCell.swift */,
			);
			path = Views;
			sourceTree = "<group>";
		};
		761D1ED6219259AE004ABC78 /* Models */ = {
			isa = PBXGroup;
			children = (
				761D1ED7219259C7004ABC78 /* MovieModel.swift */,
			);
			path = Models;
			sourceTree = "<group>";
		};
		76C7D39721A9AA0E006DF32E /* Support Files */ = {
			isa = PBXGroup;
			children = (
				761D1EC521925085004ABC78 /* Assets.xcassets */,
				761D1EC721925085004ABC78 /* LaunchScreen.storyboard */,
				761D1ECA21925085004ABC78 /* Info.plist */,
				761D1EDB21925F88004ABC78 /* Movies.json */,
				764D98F4219F5AED00476EDB /* Movies.xcdatamodeld */,
				761D1EBE21925083004ABC78 /* AppDelegate.swift */,
			);
			path = "Support Files";
			sourceTree = "<group>";
		};
/* End PBXGroup section */

/* Begin PBXNativeTarget section */
		761D1EBA21925083004ABC78 /* Movies */ = {
			isa = PBXNativeTarget;
			buildConfigurationList = 761D1ECD21925085004ABC78 /* Build configuration list for PBXNativeTarget "Movies" */;
			buildPhases = (
				761D1EB721925083004ABC78 /* Sources */,
				761D1EB821925083004ABC78 /* Frameworks */,
				761D1EB921925083004ABC78 /* Resources */,
			);
			buildRules = (
			);
			dependencies = (
			);
			name = Movies;
			productName = Movies;
			productReference = 761D1EBB21925083004ABC78 /* Movies.app */;
			productType = "com.apple.product-type.application";
		};
/* End PBXNativeTarget section */

/* Begin PBXProject section */
		761D1EB321925083004ABC78 /* Project object */ = {
			isa = PBXProject;
			attributes = {
				LastSwiftUpdateCheck = 1010;
				LastUpgradeCheck = 1010;
				ORGANIZATIONNAME = "Lucas Santos";
				TargetAttributes = {
					761D1EBA21925083004ABC78 = {
						CreatedOnToolsVersion = 10.1;
					};
				};
			};
			buildConfigurationList = 761D1EB621925083004ABC78 /* Build configuration list for PBXProject "Movies" */;
			compatibilityVersion = "Xcode 9.3";
			developmentRegion = en;
			hasScannedForEncodings = 0;
			knownRegions = (
				en,
				Base,
			);
			mainGroup = 761D1EB221925083004ABC78;
			productRefGroup = 761D1EBC21925083004ABC78 /* Products */;
			projectDirPath = "";
			projectRoot = "";
			targets = (
				761D1EBA21925083004ABC78 /* Movies */,
			);
		};
/* End PBXProject section */

/* Begin PBXResourcesBuildPhase section */
		761D1EB921925083004ABC78 /* Resources */ = {
			isa = PBXResourcesBuildPhase;
			buildActionMask = 2147483647;
			files = (
				761D1EC921925085004ABC78 /* LaunchScreen.storyboard in Resources */,
				761D1EC621925085004ABC78 /* Assets.xcassets in Resources */,
				761D1EDC21925F88004ABC78 /* Movies.json in Resources */,
				761D1EC421925083004ABC78 /* Main.storyboard in Resources */,
			);
			runOnlyForDeploymentPostprocessing = 0;
		};
/* End PBXResourcesBuildPhase section */

/* Begin PBXSourcesBuildPhase section */
		761D1EB721925083004ABC78 /* Sources */ = {
			isa = PBXSourcesBuildPhase;
			buildActionMask = 2147483647;
			files = (
				761D1EDA21925AA5004ABC78 /* MovieTableViewCell.swift in Sources */,
				761D1EC121925083004ABC78 /* MoviesListTableController.swift in Sources */,
				761D1ED521925404004ABC78 /* CustomImageView.swift in Sources */,
				76707174219527FE000B1DFA /* RegisterMovieViewController.swift in Sources */,
				761D1ED8219259C7004ABC78 /* MovieModel.swift in Sources */,
				764D98FC219F8BC800476EDB /* GenresTableViewController.swift in Sources */,
				764D98FA219F63BA00476EDB /* Movie+Rating.swift in Sources */,
				7670717221950270000B1DFA /* MovieDetailViewController.swift in Sources */,
				764D98F6219F5AED00476EDB /* Movies.xcdatamodeld in Sources */,
				764D98F8219F5B9400476EDB /* UIViewController+CoreData.swift in Sources */,
				761D1EBF21925083004ABC78 /* AppDelegate.swift in Sources */,
			);
			runOnlyForDeploymentPostprocessing = 0;
		};
/* End PBXSourcesBuildPhase section */

/* Begin PBXVariantGroup section */
		761D1EC221925083004ABC78 /* Main.storyboard */ = {
			isa = PBXVariantGroup;
			children = (
				761D1EC321925083004ABC78 /* Base */,
			);
			name = Main.storyboard;
			sourceTree = "<group>";
		};
		761D1EC721925085004ABC78 /* LaunchScreen.storyboard */ = {
			isa = PBXVariantGroup;
			children = (
				761D1EC821925085004ABC78 /* Base */,
			);
			name = LaunchScreen.storyboard;
			sourceTree = "<group>";
		};
/* End PBXVariantGroup section */

/* Begin XCBuildConfiguration section */
		761D1ECB21925085004ABC78 /* Debug */ = {
			isa = XCBuildConfiguration;
			buildSettings = {
				ALWAYS_SEARCH_USER_PATHS = NO;
				CLANG_ANALYZER_NONNULL = YES;
				CLANG_ANALYZER_NUMBER_OBJECT_CONVERSION = YES_AGGRESSIVE;
				CLANG_CXX_LANGUAGE_STANDARD = "gnu++14";
				CLANG_CXX_LIBRARY = "libc++";
				CLANG_ENABLE_MODULES = YES;
				CLANG_ENABLE_OBJC_ARC = YES;
				CLANG_ENABLE_OBJC_WEAK = YES;
				CLANG_WARN_BLOCK_CAPTURE_AUTORELEASING = YES;
				CLANG_WARN_BOOL_CONVERSION = YES;
				CLANG_WARN_COMMA = YES;
				CLANG_WARN_CONSTANT_CONVERSION = YES;
				CLANG_WARN_DEPRECATED_OBJC_IMPLEMENTATIONS = YES;
				CLANG_WARN_DIRECT_OBJC_ISA_USAGE = YES_ERROR;
				CLANG_WARN_DOCUMENTATION_COMMENTS = YES;
				CLANG_WARN_EMPTY_BODY = YES;
				CLANG_WARN_ENUM_CONVERSION = YES;
				CLANG_WARN_INFINITE_RECURSION = YES;
				CLANG_WARN_INT_CONVERSION = YES;
				CLANG_WARN_NON_LITERAL_NULL_CONVERSION = YES;
				CLANG_WARN_OBJC_IMPLICIT_RETAIN_SELF = YES;
				CLANG_WARN_OBJC_LITERAL_CONVERSION = YES;
				CLANG_WARN_OBJC_ROOT_CLASS = YES_ERROR;
				CLANG_WARN_RANGE_LOOP_ANALYSIS = YES;
				CLANG_WARN_STRICT_PROTOTYPES = YES;
				CLANG_WARN_SUSPICIOUS_MOVE = YES;
				CLANG_WARN_UNGUARDED_AVAILABILITY = YES_AGGRESSIVE;
				CLANG_WARN_UNREACHABLE_CODE = YES;
				CLANG_WARN__DUPLICATE_METHOD_MATCH = YES;
				CODE_SIGN_IDENTITY = "iPhone Developer";
				COPY_PHASE_STRIP = NO;
				DEBUG_INFORMATION_FORMAT = dwarf;
				ENABLE_STRICT_OBJC_MSGSEND = YES;
				ENABLE_TESTABILITY = YES;
				GCC_C_LANGUAGE_STANDARD = gnu11;
				GCC_DYNAMIC_NO_PIC = NO;
				GCC_NO_COMMON_BLOCKS = YES;
				GCC_OPTIMIZATION_LEVEL = 0;
				GCC_PREPROCESSOR_DEFINITIONS = (
					"DEBUG=1",
					"$(inherited)",
				);
				GCC_WARN_64_TO_32_BIT_CONVERSION = YES;
				GCC_WARN_ABOUT_RETURN_TYPE = YES_ERROR;
				GCC_WARN_UNDECLARED_SELECTOR = YES;
				GCC_WARN_UNINITIALIZED_AUTOS = YES_AGGRESSIVE;
				GCC_WARN_UNUSED_FUNCTION = YES;
				GCC_WARN_UNUSED_VARIABLE = YES;
				IPHONEOS_DEPLOYMENT_TARGET = 12.1;
				MTL_ENABLE_DEBUG_INFO = INCLUDE_SOURCE;
				MTL_FAST_MATH = YES;
				ONLY_ACTIVE_ARCH = YES;
				SDKROOT = iphoneos;
				SWIFT_ACTIVE_COMPILATION_CONDITIONS = DEBUG;
				SWIFT_OPTIMIZATION_LEVEL = "-Onone";
			};
			name = Debug;
		};
		761D1ECC21925085004ABC78 /* Release */ = {
			isa = XCBuildConfiguration;
			buildSettings = {
				ALWAYS_SEARCH_USER_PATHS = NO;
				CLANG_ANALYZER_NONNULL = YES;
				CLANG_ANALYZER_NUMBER_OBJECT_CONVERSION = YES_AGGRESSIVE;
				CLANG_CXX_LANGUAGE_STANDARD = "gnu++14";
				CLANG_CXX_LIBRARY = "libc++";
				CLANG_ENABLE_MODULES = YES;
				CLANG_ENABLE_OBJC_ARC = YES;
				CLANG_ENABLE_OBJC_WEAK = YES;
				CLANG_WARN_BLOCK_CAPTURE_AUTORELEASING = YES;
				CLANG_WARN_BOOL_CONVERSION = YES;
				CLANG_WARN_COMMA = YES;
				CLANG_WARN_CONSTANT_CONVERSION = YES;
				CLANG_WARN_DEPRECATED_OBJC_IMPLEMENTATIONS = YES;
				CLANG_WARN_DIRECT_OBJC_ISA_USAGE = YES_ERROR;
				CLANG_WARN_DOCUMENTATION_COMMENTS = YES;
				CLANG_WARN_EMPTY_BODY = YES;
				CLANG_WARN_ENUM_CONVERSION = YES;
				CLANG_WARN_INFINITE_RECURSION = YES;
				CLANG_WARN_INT_CONVERSION = YES;
				CLANG_WARN_NON_LITERAL_NULL_CONVERSION = YES;
				CLANG_WARN_OBJC_IMPLICIT_RETAIN_SELF = YES;
				CLANG_WARN_OBJC_LITERAL_CONVERSION = YES;
				CLANG_WARN_OBJC_ROOT_CLASS = YES_ERROR;
				CLANG_WARN_RANGE_LOOP_ANALYSIS = YES;
				CLANG_WARN_STRICT_PROTOTYPES = YES;
				CLANG_WARN_SUSPICIOUS_MOVE = YES;
				CLANG_WARN_UNGUARDED_AVAILABILITY = YES_AGGRESSIVE;
				CLANG_WARN_UNREACHABLE_CODE = YES;
				CLANG_WARN__DUPLICATE_METHOD_MATCH = YES;
				CODE_SIGN_IDENTITY = "iPhone Developer";
				COPY_PHASE_STRIP = NO;
				DEBUG_INFORMATION_FORMAT = "dwarf-with-dsym";
				ENABLE_NS_ASSERTIONS = NO;
				ENABLE_STRICT_OBJC_MSGSEND = YES;
				GCC_C_LANGUAGE_STANDARD = gnu11;
				GCC_NO_COMMON_BLOCKS = YES;
				GCC_WARN_64_TO_32_BIT_CONVERSION = YES;
				GCC_WARN_ABOUT_RETURN_TYPE = YES_ERROR;
				GCC_WARN_UNDECLARED_SELECTOR = YES;
				GCC_WARN_UNINITIALIZED_AUTOS = YES_AGGRESSIVE;
				GCC_WARN_UNUSED_FUNCTION = YES;
				GCC_WARN_UNUSED_VARIABLE = YES;
				IPHONEOS_DEPLOYMENT_TARGET = 12.1;
				MTL_ENABLE_DEBUG_INFO = NO;
				MTL_FAST_MATH = YES;
				SDKROOT = iphoneos;
				SWIFT_COMPILATION_MODE = wholemodule;
				SWIFT_OPTIMIZATION_LEVEL = "-O";
				VALIDATE_PRODUCT = YES;
			};
			name = Release;
		};
		761D1ECE21925085004ABC78 /* Debug */ = {
			isa = XCBuildConfiguration;
			buildSettings = {
				ASSETCATALOG_COMPILER_APPICON_NAME = AppIcon;
				CODE_SIGN_STYLE = Automatic;
				INFOPLIST_FILE = "Movies/Support Files/Info.plist";
				LD_RUNPATH_SEARCH_PATHS = (
					"$(inherited)",
					"@executable_path/Frameworks",
				);
				PRODUCT_BUNDLE_IDENTIFIER = br.com.Lucas.Movies;
				PRODUCT_NAME = "$(TARGET_NAME)";
				SWIFT_VERSION = 4.2;
				TARGETED_DEVICE_FAMILY = "1,2";
			};
			name = Debug;
		};
		761D1ECF21925085004ABC78 /* Release */ = {
			isa = XCBuildConfiguration;
			buildSettings = {
				ASSETCATALOG_COMPILER_APPICON_NAME = AppIcon;
				CODE_SIGN_STYLE = Automatic;
				INFOPLIST_FILE = "Movies/Support Files/Info.plist";
				LD_RUNPATH_SEARCH_PATHS = (
					"$(inherited)",
					"@executable_path/Frameworks",
				);
				PRODUCT_BUNDLE_IDENTIFIER = br.com.Lucas.Movies;
				PRODUCT_NAME = "$(TARGET_NAME)";
				SWIFT_VERSION = 4.2;
				TARGETED_DEVICE_FAMILY = "1,2";
			};
			name = Release;
		};
/* End XCBuildConfiguration section */

/* Begin XCConfigurationList section */
		761D1EB621925083004ABC78 /* Build configuration list for PBXProject "Movies" */ = {
			isa = XCConfigurationList;
			buildConfigurations = (
				761D1ECB21925085004ABC78 /* Debug */,
				761D1ECC21925085004ABC78 /* Release */,
			);
			defaultConfigurationIsVisible = 0;
			defaultConfigurationName = Release;
		};
		761D1ECD21925085004ABC78 /* Build configuration list for PBXNativeTarget "Movies" */ = {
			isa = XCConfigurationList;
			buildConfigurations = (
				761D1ECE21925085004ABC78 /* Debug */,
				761D1ECF21925085004ABC78 /* Release */,
			);
			defaultConfigurationIsVisible = 0;
			defaultConfigurationName = Release;
		};
/* End XCConfigurationList section */

/* Begin XCVersionGroup section */
		764D98F4219F5AED00476EDB /* Movies.xcdatamodeld */ = {
			isa = XCVersionGroup;
			children = (
				764D98F5219F5AED00476EDB /* Movies.xcdatamodel */,
			);
			currentVersion = 764D98F5219F5AED00476EDB /* Movies.xcdatamodel */;
			path = Movies.xcdatamodeld;
			sourceTree = "<group>";
			versionGroupType = wrapper.xcdatamodel;
		};
/* End XCVersionGroup section */
	};
	rootObject = 761D1EB321925083004ABC78 /* Project object */;
}
